// !$*UTF8*$!
{
	archiveVersion = 1;
	classes = {
	};
	objectVersion = 46;
	objects = {

/* Begin PBXBuildFile section */
		B081FBDD169803C3003D5DD4 /* UIKit.framework in Frameworks */ = {isa = PBXBuildFile; fileRef = B081FBDC169803C3003D5DD4 /* UIKit.framework */; };
		B081FBDF169803C3003D5DD4 /* Foundation.framework in Frameworks */ = {isa = PBXBuildFile; fileRef = B081FBDE169803C3003D5DD4 /* Foundation.framework */; };
		B081FBE1169803C3003D5DD4 /* CoreGraphics.framework in Frameworks */ = {isa = PBXBuildFile; fileRef = B081FBE0169803C3003D5DD4 /* CoreGraphics.framework */; };
		B081FBE7169803C3003D5DD4 /* InfoPlist.strings in Resources */ = {isa = PBXBuildFile; fileRef = B081FBE5169803C3003D5DD4 /* InfoPlist.strings */; };
		B081FBE9169803C3003D5DD4 /* main.m in Sources */ = {isa = PBXBuildFile; fileRef = B081FBE8169803C3003D5DD4 /* main.m */; };
		B081FBED169803C3003D5DD4 /* AppDelegate.m in Sources */ = {isa = PBXBuildFile; fileRef = B081FBEC169803C3003D5DD4 /* AppDelegate.m */; };
		B081FBEF169803C3003D5DD4 /* Default.png in Resources */ = {isa = PBXBuildFile; fileRef = B081FBEE169803C3003D5DD4 /* Default.png */; };
		B081FBF1169803C3003D5DD4 /* Default@2x.png in Resources */ = {isa = PBXBuildFile; fileRef = B081FBF0169803C3003D5DD4 /* Default@2x.png */; };
		B081FBF3169803C4003D5DD4 /* Default-568h@2x.png in Resources */ = {isa = PBXBuildFile; fileRef = B081FBF2169803C3003D5DD4 /* Default-568h@2x.png */; };
		B081FBF6169803C4003D5DD4 /* FirstViewController.m in Sources */ = {isa = PBXBuildFile; fileRef = B081FBF5169803C4003D5DD4 /* FirstViewController.m */; };
		B081FBF8169803C4003D5DD4 /* first.png in Resources */ = {isa = PBXBuildFile; fileRef = B081FBF7169803C4003D5DD4 /* first.png */; };
		B081FBFA169803C4003D5DD4 /* first@2x.png in Resources */ = {isa = PBXBuildFile; fileRef = B081FBF9169803C4003D5DD4 /* first@2x.png */; };
		B081FBFD169803C4003D5DD4 /* SecondViewController.m in Sources */ = {isa = PBXBuildFile; fileRef = B081FBFC169803C4003D5DD4 /* SecondViewController.m */; };
		B081FBFF169803C4003D5DD4 /* second.png in Resources */ = {isa = PBXBuildFile; fileRef = B081FBFE169803C4003D5DD4 /* second.png */; };
		B081FC01169803C4003D5DD4 /* second@2x.png in Resources */ = {isa = PBXBuildFile; fileRef = B081FC00169803C4003D5DD4 /* second@2x.png */; };
		B081FC04169803C4003D5DD4 /* FirstViewController.xib in Resources */ = {isa = PBXBuildFile; fileRef = B081FC02169803C4003D5DD4 /* FirstViewController.xib */; };
		B081FC07169803C4003D5DD4 /* SecondViewController.xib in Resources */ = {isa = PBXBuildFile; fileRef = B081FC05169803C4003D5DD4 /* SecondViewController.xib */; };
/* End PBXBuildFile section */

/* Begin PBXFileReference section */
		B081FBD8169803C3003D5DD4 /* MapTest.app */ = {isa = PBXFileReference; explicitFileType = wrapper.application; includeInIndex = 0; path = MapTest.app; sourceTree = BUILT_PRODUCTS_DIR; };
		B081FBDC169803C3003D5DD4 /* UIKit.framework */ = {isa = PBXFileReference; lastKnownFileType = wrapper.framework; name = UIKit.framework; path = System/Library/Frameworks/UIKit.framework; sourceTree = SDKROOT; };
		B081FBDE169803C3003D5DD4 /* Foundation.framework */ = {isa = PBXFileReference; lastKnownFileType = wrapper.framework; name = Foundation.framework; path = System/Library/Frameworks/Foundation.framework; sourceTree = SDKROOT; };
		B081FBE0169803C3003D5DD4 /* CoreGraphics.framework */ = {isa = PBXFileReference; lastKnownFileType = wrapper.framework; name = CoreGraphics.framework; path = System/Library/Frameworks/CoreGraphics.framework; sourceTree = SDKROOT; };
		B081FBE4169803C3003D5DD4 /* MapTest-Info.plist */ = {isa = PBXFileReference; lastKnownFileType = text.plist.xml; path = "MapTest-Info.plist"; sourceTree = "<group>"; };
		B081FBE6169803C3003D5DD4 /* en */ = {isa = PBXFileReference; lastKnownFileType = text.plist.strings; name = en; path = en.lproj/InfoPlist.strings; sourceTree = "<group>"; };
		B081FBE8169803C3003D5DD4 /* main.m */ = {isa = PBXFileReference; lastKnownFileType = sourcecode.c.objc; path = main.m; sourceTree = "<group>"; };
		B081FBEA169803C3003D5DD4 /* MapTest-Prefix.pch */ = {isa = PBXFileReference; lastKnownFileType = sourcecode.c.h; path = "MapTest-Prefix.pch"; sourceTree = "<group>"; };
		B081FBEB169803C3003D5DD4 /* AppDelegate.h */ = {isa = PBXFileReference; lastKnownFileType = sourcecode.c.h; path = AppDelegate.h; sourceTree = "<group>"; };
		B081FBEC169803C3003D5DD4 /* AppDelegate.m */ = {isa = PBXFileReference; lastKnownFileType = sourcecode.c.objc; path = AppDelegate.m; sourceTree = "<group>"; };
		B081FBEE169803C3003D5DD4 /* Default.png */ = {isa = PBXFileReference; lastKnownFileType = image.png; path = Default.png; sourceTree = "<group>"; };
		B081FBF0169803C3003D5DD4 /* Default@2x.png */ = {isa = PBXFileReference; lastKnownFileType = image.png; path = "Default@2x.png"; sourceTree = "<group>"; };
		B081FBF2169803C3003D5DD4 /* Default-568h@2x.png */ = {isa = PBXFileReference; lastKnownFileType = image.png; path = "Default-568h@2x.png"; sourceTree = "<group>"; };
		B081FBF4169803C4003D5DD4 /* FirstViewController.h */ = {isa = PBXFileReference; lastKnownFileType = sourcecode.c.h; path = FirstViewController.h; sourceTree = "<group>"; };
		B081FBF5169803C4003D5DD4 /* FirstViewController.m */ = {isa = PBXFileReference; lastKnownFileType = sourcecode.c.objc; path = FirstViewController.m; sourceTree = "<group>"; };
		B081FBF7169803C4003D5DD4 /* first.png */ = {isa = PBXFileReference; lastKnownFileType = image.png; path = first.png; sourceTree = "<group>"; };
		B081FBF9169803C4003D5DD4 /* first@2x.png */ = {isa = PBXFileReference; lastKnownFileType = image.png; path = "first@2x.png"; sourceTree = "<group>"; };
		B081FBFB169803C4003D5DD4 /* SecondViewController.h */ = {isa = PBXFileReference; lastKnownFileType = sourcecode.c.h; path = SecondViewController.h; sourceTree = "<group>"; };
		B081FBFC169803C4003D5DD4 /* SecondViewController.m */ = {isa = PBXFileReference; lastKnownFileType = sourcecode.c.objc; path = SecondViewController.m; sourceTree = "<group>"; };
		B081FBFE169803C4003D5DD4 /* second.png */ = {isa = PBXFileReference; lastKnownFileType = image.png; path = second.png; sourceTree = "<group>"; };
		B081FC00169803C4003D5DD4 /* second@2x.png */ = {isa = PBXFileReference; lastKnownFileType = image.png; path = "second@2x.png"; sourceTree = "<group>"; };
		B081FC03169803C4003D5DD4 /* en */ = {isa = PBXFileReference; lastKnownFileType = file.xib; name = en; path = en.lproj/FirstViewController.xib; sourceTree = "<group>"; };
		B081FC06169803C4003D5DD4 /* en */ = {isa = PBXFileReference; lastKnownFileType = file.xib; name = en; path = en.lproj/SecondViewController.xib; sourceTree = "<group>"; };
/* End PBXFileReference section */

/* Begin PBXFrameworksBuildPhase section */
		B081FBD5169803C3003D5DD4 /* Frameworks */ = {
			isa = PBXFrameworksBuildPhase;
			buildActionMask = 2147483647;
			files = (
				B081FBDD169803C3003D5DD4 /* UIKit.framework in Frameworks */,
				B081FBDF169803C3003D5DD4 /* Foundation.framework in Frameworks */,
				B081FBE1169803C3003D5DD4 /* CoreGraphics.framework in Frameworks */,
			);
			runOnlyForDeploymentPostprocessing = 0;
		};
/* End PBXFrameworksBuildPhase section */

/* Begin PBXGroup section */
		B081FBCD169803C3003D5DD4 = {
			isa = PBXGroup;
			children = (
				B081FBE2169803C3003D5DD4 /* MapTest */,
				B081FBDB169803C3003D5DD4 /* Frameworks */,
				B081FBD9169803C3003D5DD4 /* Products */,
			);
			sourceTree = "<group>";
		};
		B081FBD9169803C3003D5DD4 /* Products */ = {
			isa = PBXGroup;
			children = (
				B081FBD8169803C3003D5DD4 /* MapTest.app */,
			);
			name = Products;
			sourceTree = "<group>";
		};
		B081FBDB169803C3003D5DD4 /* Frameworks */ = {
			isa = PBXGroup;
			children = (
				B081FBDC169803C3003D5DD4 /* UIKit.framework */,
				B081FBDE169803C3003D5DD4 /* Foundation.framework */,
				B081FBE0169803C3003D5DD4 /* CoreGraphics.framework */,
			);
			name = Frameworks;
			sourceTree = "<group>";
		};
		B081FBE2169803C3003D5DD4 /* MapTest */ = {
			isa = PBXGroup;
			children = (
				B081FBEB169803C3003D5DD4 /* AppDelegate.h */,
				B081FBEC169803C3003D5DD4 /* AppDelegate.m */,
				B081FBF4169803C4003D5DD4 /* FirstViewController.h */,
				B081FBF5169803C4003D5DD4 /* FirstViewController.m */,
				B081FBF7169803C4003D5DD4 /* first.png */,
				B081FBF9169803C4003D5DD4 /* first@2x.png */,
				B081FBFB169803C4003D5DD4 /* SecondViewController.h */,
				B081FBFC169803C4003D5DD4 /* SecondViewController.m */,
				B081FBFE169803C4003D5DD4 /* second.png */,
				B081FC00169803C4003D5DD4 /* second@2x.png */,
				B081FC02169803C4003D5DD4 /* FirstViewController.xib */,
				B081FC05169803C4003D5DD4 /* SecondViewController.xib */,
				B081FBE3169803C3003D5DD4 /* Supporting Files */,
			);
			path = MapTest;
			sourceTree = "<group>";
		};
		B081FBE3169803C3003D5DD4 /* Supporting Files */ = {
			isa = PBXGroup;
			children = (
				B081FBE4169803C3003D5DD4 /* MapTest-Info.plist */,
				B081FBE5169803C3003D5DD4 /* InfoPlist.strings */,
				B081FBE8169803C3003D5DD4 /* main.m */,
				B081FBEA169803C3003D5DD4 /* MapTest-Prefix.pch */,
				B081FBEE169803C3003D5DD4 /* Default.png */,
				B081FBF0169803C3003D5DD4 /* Default@2x.png */,
				B081FBF2169803C3003D5DD4 /* Default-568h@2x.png */,
			);
			name = "Supporting Files";
			sourceTree = "<group>";
		};
/* End PBXGroup section */

/* Begin PBXNativeTarget section */
		B081FBD7169803C3003D5DD4 /* MapTest */ = {
			isa = PBXNativeTarget;
			buildConfigurationList = B081FC0A169803C4003D5DD4 /* Build configuration list for PBXNativeTarget "MapTest" */;
			buildPhases = (
				B081FBD4169803C3003D5DD4 /* Sources */,
				B081FBD5169803C3003D5DD4 /* Frameworks */,
				B081FBD6169803C3003D5DD4 /* Resources */,
			);
			buildRules = (
			);
			dependencies = (
			);
			name = MapTest;
			productName = MapTest;
			productReference = B081FBD8169803C3003D5DD4 /* MapTest.app */;
			productType = "com.apple.product-type.application";
		};
/* End PBXNativeTarget section */

/* Begin PBXProject section */
		B081FBCF169803C3003D5DD4 /* Project object */ = {
			isa = PBXProject;
			attributes = {
				LastUpgradeCheck = 0450;
				ORGANIZATIONNAME = steven;
			};
			buildConfigurationList = B081FBD2169803C3003D5DD4 /* Build configuration list for PBXProject "MapTest" */;
			compatibilityVersion = "Xcode 3.2";
			developmentRegion = English;
			hasScannedForEncodings = 0;
			knownRegions = (
				en,
			);
			mainGroup = B081FBCD169803C3003D5DD4;
			productRefGroup = B081FBD9169803C3003D5DD4 /* Products */;
			projectDirPath = "";
			projectRoot = "";
			targets = (
				B081FBD7169803C3003D5DD4 /* MapTest */,
			);
		};
/* End PBXProject section */

/* Begin PBXResourcesBuildPhase section */
		B081FBD6169803C3003D5DD4 /* Resources */ = {
			isa = PBXResourcesBuildPhase;
			buildActionMask = 2147483647;
			files = (
				B081FBE7169803C3003D5DD4 /* InfoPlist.strings in Resources */,
				B081FBEF169803C3003D5DD4 /* Default.png in Resources */,
				B081FBF1169803C3003D5DD4 /* Default@2x.png in Resources */,
				B081FBF3169803C4003D5DD4 /* Default-568h@2x.png in Resources */,
				B081FBF8169803C4003D5DD4 /* first.png in Resources */,
				B081FBFA169803C4003D5DD4 /* first@2x.png in Resources */,
				B081FBFF169803C4003D5DD4 /* second.png in Resources */,
				B081FC01169803C4003D5DD4 /* second@2x.png in Resources */,
				B081FC04169803C4003D5DD4 /* FirstViewController.xib in Resources */,
				B081FC07169803C4003D5DD4 /* SecondViewController.xib in Resources */,
			);
			runOnlyForDeploymentPostprocessing = 0;
		};
/* End PBXResourcesBuildPhase section */

/* Begin PBXSourcesBuildPhase section */
		B081FBD4169803C3003D5DD4 /* Sources */ = {
			isa = PBXSourcesBuildPhase;
			buildActionMask = 2147483647;
			files = (
				B081FBE9169803C3003D5DD4 /* main.m in Sources */,
				B081FBED169803C3003D5DD4 /* AppDelegate.m in Sources */,
				B081FBF6169803C4003D5DD4 /* FirstViewController.m in Sources */,
				B081FBFD169803C4003D5DD4 /* SecondViewController.m in Sources */,
			);
			runOnlyForDeploymentPostprocessing = 0;
		};
/* End PBXSourcesBuildPhase section */

/* Begin PBXVariantGroup section */
		B081FBE5169803C3003D5DD4 /* InfoPlist.strings */ = {
			isa = PBXVariantGroup;
			children = (
				B081FBE6169803C3003D5DD4 /* en */,
			);
			name = InfoPlist.strings;
			sourceTree = "<group>";
		};
		B081FC02169803C4003D5DD4 /* FirstViewController.xib */ = {
			isa = PBXVariantGroup;
			children = (
				B081FC03169803C4003D5DD4 /* en */,
			);
			name = FirstViewController.xib;
			sourceTree = "<group>";
		};
		B081FC05169803C4003D5DD4 /* SecondViewController.xib */ = {
			isa = PBXVariantGroup;
			children = (
				B081FC06169803C4003D5DD4 /* en */,
			);
			name = SecondViewController.xib;
			sourceTree = "<group>";
		};
/* End PBXVariantGroup section */

/* Begin XCBuildConfiguration section */
		B081FC08169803C4003D5DD4 /* Debug */ = {
			isa = XCBuildConfiguration;
			buildSettings = {
				ALWAYS_SEARCH_USER_PATHS = NO;
				CLANG_CXX_LANGUAGE_STANDARD = "gnu++0x";
				CLANG_CXX_LIBRARY = "libc++";
				CLANG_WARN_EMPTY_BODY = YES;
				CLANG_WARN__DUPLICATE_METHOD_MATCH = YES;
				"CODE_SIGN_IDENTITY[sdk=iphoneos*]" = "iPhone Developer";
				COPY_PHASE_STRIP = NO;
				GCC_C_LANGUAGE_STANDARD = gnu99;
				GCC_DYNAMIC_NO_PIC = NO;
				GCC_OPTIMIZATION_LEVEL = 0;
				GCC_PREPROCESSOR_DEFINITIONS = (
					"DEBUG=1",
					"$(inherited)",
				);
				GCC_SYMBOLS_PRIVATE_EXTERN = NO;
				GCC_WARN_ABOUT_RETURN_TYPE = YES;
				GCC_WARN_UNINITIALIZED_AUTOS = YES;
				GCC_WARN_UNUSED_VARIABLE = YES;
				IPHONEOS_DEPLOYMENT_TARGET = 6.0;
				SDKROOT = iphoneos;
			};
			name = Debug;
		};
		B081FC09169803C4003D5DD4 /* Release */ = {
			isa = XCBuildConfiguration;
			buildSettings = {
				ALWAYS_SEARCH_USER_PATHS = NO;
				CLANG_CXX_LANGUAGE_STANDARD = "gnu++0x";
				CLANG_CXX_LIBRARY = "libc++";
				CLANG_WARN_EMPTY_BODY = YES;
				CLANG_WARN__DUPLICATE_METHOD_MATCH = YES;
				"CODE_SIGN_IDENTITY[sdk=iphoneos*]" = "iPhone Developer";
				COPY_PHASE_STRIP = YES;
				GCC_C_LANGUAGE_STANDARD = gnu99;
				GCC_WARN_ABOUT_RETURN_TYPE = YES;
				GCC_WARN_UNINITIALIZED_AUTOS = YES;
				GCC_WARN_UNUSED_VARIABLE = YES;
				IPHONEOS_DEPLOYMENT_TARGET = 6.0;
				OTHER_CFLAGS = "-DNS_BLOCK_ASSERTIONS=1";
				SDKROOT = iphoneos;
				VALIDATE_PRODUCT = YES;
			};
			name = Release;
		};
		B081FC0B169803C4003D5DD4 /* Debug */ = {
			isa = XCBuildConfiguration;
			buildSettings = {
				GCC_PRECOMPILE_PREFIX_HEADER = YES;
				GCC_PREFIX_HEADER = "MapTest/MapTest-Prefix.pch";
				INFOPLIST_FILE = "MapTest/MapTest-Info.plist";
				PRODUCT_NAME = "$(TARGET_NAME)";
				WRAPPER_EXTENSION = app;
			};
			name = Debug;
		};
		B081FC0C169803C4003D5DD4 /* Release */ = {
			isa = XCBuildConfiguration;
			buildSettings = {
				GCC_PRECOMPILE_PREFIX_HEADER = YES;
				GCC_PREFIX_HEADER = "MapTest/MapTest-Prefix.pch";
				INFOPLIST_FILE = "MapTest/MapTest-Info.plist";
				PRODUCT_NAME = "$(TARGET_NAME)";
				WRAPPER_EXTENSION = app;
			};
			name = Release;
		};
/* End XCBuildConfiguration section */

/* Begin XCConfigurationList section */
		B081FBD2169803C3003D5DD4 /* Build configuration list for PBXProject "MapTest" */ = {
			isa = XCConfigurationList;
			buildConfigurations = (
				B081FC08169803C4003D5DD4 /* Debug */,
				B081FC09169803C4003D5DD4 /* Release */,
			);
			defaultConfigurationIsVisible = 0;
			defaultConfigurationName = Release;
		};
		B081FC0A169803C4003D5DD4 /* Build configuration list for PBXNativeTarget "MapTest" */ = {
			isa = XCConfigurationList;
			buildConfigurations = (
				B081FC0B169803C4003D5DD4 /* Debug */,
				B081FC0C169803C4003D5DD4 /* Release */,
			);
			defaultConfigurationIsVisible = 0;
		};
/* End XCConfigurationList section */
	};
	rootObject = B081FBCF169803C3003D5DD4 /* Project object */;
}
